
Microsoft Visual Studio Solution File, Format Version 12.00
# Visual Studio Version 17
VisualStudioVersion = 17.6.33829.357
MinimumVisualStudioVersion = 10.0.40219.1
Project("{FAE04EC0-301F-11D3-BF4B-00C04F79EFBC}") = "postgress", "postgress\postgress.csproj", "{FF84E95C-81FE-4B9A-86B9-D1C0DE71279A}"
EndProject
Global
	GlobalSection(SolutionConfigurationPlatforms) = preSolution
		Debug|Any CPU = Debug|Any CPU
		Release|Any CPU = Release|Any CPU
	EndGlobalSection
	GlobalSection(ProjectConfigurationPlatforms) = postSolution
		{FF84E95C-81FE-4B9A-86B9-D1C0DE71279A}.Debug|Any CPU.ActiveCfg = Debug|Any CPU
		{FF84E95C-81FE-4B9A-86B9-D1C0DE71279A}.Debug|Any CPU.Build.0 = Debug|Any CPU
		{FF84E95C-81FE-4B9A-86B9-D1C0DE71279A}.Release|Any CPU.ActiveCfg = Release|Any CPU
		{FF84E95C-81FE-4B9A-86B9-D1C0DE71279A}.Release|Any CPU.Build.0 = Release|Any CPU
	EndGlobalSection
	GlobalSection(SolutionProperties) = preSolution
		HideSolutionNode = FALSE
	EndGlobalSection
	GlobalSection(ExtensibilityGlobals) = postSolution
		SolutionGuid = {B1EA8189-4B00-4945-A3E5-BAB3557457AF}
	EndGlobalSection
EndGlobal
